
Microsoft Visual Studio Solution File, Format Version 12.00
Project("{FAE04EC0-301F-11D3-BF4B-00C04F79EFBC}") = "ParcialFinal", "ParcialFinal.csproj", "{5094E1C0-DFAF-4B49-AC8C-FE36CF82A4A7}"
EndProject
Global
	GlobalSection(SolutionConfigurationPlatforms) = preSolution
		Debug|Any CPU = Debug|Any CPU
		Release|Any CPU = Release|Any CPU
	EndGlobalSection
	GlobalSection(ProjectConfigurationPlatforms) = postSolution
		{5094E1C0-DFAF-4B49-AC8C-FE36CF82A4A7}.Debug|Any CPU.ActiveCfg = Debug|Any CPU
		{5094E1C0-DFAF-4B49-AC8C-FE36CF82A4A7}.Debug|Any CPU.Build.0 = Debug|Any CPU
		{5094E1C0-DFAF-4B49-AC8C-FE36CF82A4A7}.Release|Any CPU.ActiveCfg = Release|Any CPU
		{5094E1C0-DFAF-4B49-AC8C-FE36CF82A4A7}.Release|Any CPU.Build.0 = Release|Any CPU
	EndGlobalSection
EndGlobal
